// !$*UTF8*$!
{
	archiveVersion = 1;
	classes = {
	};
	objectVersion = 46;
	objects = {

/* Begin PBXBuildFile section */
		6545269D1FEB5D170028CBD3 /* main.m in Sources */ = {isa = PBXBuildFile; fileRef = 6545269C1FEB5D170028CBD3 /* main.m */; };
		654526A01FEB5D170028CBD3 /* AppDelegate.m in Sources */ = {isa = PBXBuildFile; fileRef = 6545269F1FEB5D170028CBD3 /* AppDelegate.m */; };
		654526A31FEB5D170028CBD3 /* ViewController.m in Sources */ = {isa = PBXBuildFile; fileRef = 654526A21FEB5D170028CBD3 /* ViewController.m */; };
		654526A61FEB5D170028CBD3 /* Main.storyboard in Resources */ = {isa = PBXBuildFile; fileRef = 654526A41FEB5D170028CBD3 /* Main.storyboard */; };
		654526A81FEB5D170028CBD3 /* Assets.xcassets in Resources */ = {isa = PBXBuildFile; fileRef = 654526A71FEB5D170028CBD3 /* Assets.xcassets */; };
		654526AB1FEB5D170028CBD3 /* LaunchScreen.storyboard in Resources */ = {isa = PBXBuildFile; fileRef = 654526A91FEB5D170028CBD3 /* LaunchScreen.storyboard */; };
		654526B61FEB5D170028CBD3 /* AVCapture_demoTests.m in Sources */ = {isa = PBXBuildFile; fileRef = 654526B51FEB5D170028CBD3 /* AVCapture_demoTests.m */; };
		654526C11FEB5D170028CBD3 /* AVCapture_demoUITests.m in Sources */ = {isa = PBXBuildFile; fileRef = 654526C01FEB5D170028CBD3 /* AVCapture_demoUITests.m */; };
		654526D01FEB5D760028CBD3 /* CoreMedia.framework in Frameworks */ = {isa = PBXBuildFile; fileRef = 654526CF1FEB5D760028CBD3 /* CoreMedia.framework */; };
		654526D21FEB5D7F0028CBD3 /* CoreVideo.framework in Frameworks */ = {isa = PBXBuildFile; fileRef = 654526D11FEB5D7F0028CBD3 /* CoreVideo.framework */; };
		654526D41FEB5D880028CBD3 /* QuartzCore.framework in Frameworks */ = {isa = PBXBuildFile; fileRef = 654526D31FEB5D880028CBD3 /* QuartzCore.framework */; };
		654526D61FEB5D8F0028CBD3 /* AVFoundation.framework in Frameworks */ = {isa = PBXBuildFile; fileRef = 654526D51FEB5D8F0028CBD3 /* AVFoundation.framework */; };
/* End PBXBuildFile section */

/* Begin PBXContainerItemProxy section */
		654526B21FEB5D170028CBD3 /* PBXContainerItemProxy */ = {
			isa = PBXContainerItemProxy;
			containerPortal = 654526901FEB5D170028CBD3 /* Project object */;
			proxyType = 1;
			remoteGlobalIDString = 654526971FEB5D170028CBD3;
			remoteInfo = AVCapture_demo;
		};
		654526BD1FEB5D170028CBD3 /* PBXContainerItemProxy */ = {
			isa = PBXContainerItemProxy;
			containerPortal = 654526901FEB5D170028CBD3 /* Project object */;
			proxyType = 1;
			remoteGlobalIDString = 654526971FEB5D170028CBD3;
			remoteInfo = AVCapture_demo;
		};
/* End PBXContainerItemProxy section */

/* Begin PBXFileReference section */
		654526981FEB5D170028CBD3 /* AVCapture_demo.app */ = {isa = PBXFileReference; explicitFileType = wrapper.application; includeInIndex = 0; path = AVCapture_demo.app; sourceTree = BUILT_PRODUCTS_DIR; };
		6545269C1FEB5D170028CBD3 /* main.m */ = {isa = PBXFileReference; lastKnownFileType = sourcecode.c.objc; path = main.m; sourceTree = "<group>"; };
		6545269E1FEB5D170028CBD3 /* AppDelegate.h */ = {isa = PBXFileReference; lastKnownFileType = sourcecode.c.h; path = AppDelegate.h; sourceTree = "<group>"; };
		6545269F1FEB5D170028CBD3 /* AppDelegate.m */ = {isa = PBXFileReference; lastKnownFileType = sourcecode.c.objc; path = AppDelegate.m; sourceTree = "<group>"; };
		654526A11FEB5D170028CBD3 /* ViewController.h */ = {isa = PBXFileReference; lastKnownFileType = sourcecode.c.h; path = ViewController.h; sourceTree = "<group>"; };
		654526A21FEB5D170028CBD3 /* ViewController.m */ = {isa = PBXFileReference; lastKnownFileType = sourcecode.c.objc; path = ViewController.m; sourceTree = "<group>"; };
		654526A51FEB5D170028CBD3 /* Base */ = {isa = PBXFileReference; lastKnownFileType = file.storyboard; name = Base; path = Base.lproj/Main.storyboard; sourceTree = "<group>"; };
		654526A71FEB5D170028CBD3 /* Assets.xcassets */ = {isa = PBXFileReference; lastKnownFileType = folder.assetcatalog; path = Assets.xcassets; sourceTree = "<group>"; };
		654526AA1FEB5D170028CBD3 /* Base */ = {isa = PBXFileReference; lastKnownFileType = file.storyboard; name = Base; path = Base.lproj/LaunchScreen.storyboard; sourceTree = "<group>"; };
		654526AC1FEB5D170028CBD3 /* Info.plist */ = {isa = PBXFileReference; lastKnownFileType = text.plist.xml; path = Info.plist; sourceTree = "<group>"; };
		654526B11FEB5D170028CBD3 /* AVCapture_demoTests.xctest */ = {isa = PBXFileReference; explicitFileType = wrapper.cfbundle; includeInIndex = 0; path = AVCapture_demoTests.xctest; sourceTree = BUILT_PRODUCTS_DIR; };
		654526B51FEB5D170028CBD3 /* AVCapture_demoTests.m */ = {isa = PBXFileReference; lastKnownFileType = sourcecode.c.objc; path = AVCapture_demoTests.m; sourceTree = "<group>"; };
		654526B71FEB5D170028CBD3 /* Info.plist */ = {isa = PBXFileReference; lastKnownFileType = text.plist.xml; path = Info.plist; sourceTree = "<group>"; };
		654526BC1FEB5D170028CBD3 /* AVCapture_demoUITests.xctest */ = {isa = PBXFileReference; explicitFileType = wrapper.cfbundle; includeInIndex = 0; path = AVCapture_demoUITests.xctest; sourceTree = BUILT_PRODUCTS_DIR; };
		654526C01FEB5D170028CBD3 /* AVCapture_demoUITests.m */ = {isa = PBXFileReference; lastKnownFileType = sourcecode.c.objc; path = AVCapture_demoUITests.m; sourceTree = "<group>"; };
		654526C21FEB5D170028CBD3 /* Info.plist */ = {isa = PBXFileReference; lastKnownFileType = text.plist.xml; path = Info.plist; sourceTree = "<group>"; };
		654526CF1FEB5D760028CBD3 /* CoreMedia.framework */ = {isa = PBXFileReference; lastKnownFileType = wrapper.framework; name = CoreMedia.framework; path = System/Library/Frameworks/CoreMedia.framework; sourceTree = SDKROOT; };
		654526D11FEB5D7F0028CBD3 /* CoreVideo.framework */ = {isa = PBXFileReference; lastKnownFileType = wrapper.framework; name = CoreVideo.framework; path = System/Library/Frameworks/CoreVideo.framework; sourceTree = SDKROOT; };
		654526D31FEB5D880028CBD3 /* QuartzCore.framework */ = {isa = PBXFileReference; lastKnownFileType = wrapper.framework; name = QuartzCore.framework; path = System/Library/Frameworks/QuartzCore.framework; sourceTree = SDKROOT; };
		654526D51FEB5D8F0028CBD3 /* AVFoundation.framework */ = {isa = PBXFileReference; lastKnownFileType = wrapper.framework; name = AVFoundation.framework; path = System/Library/Frameworks/AVFoundation.framework; sourceTree = SDKROOT; };
/* End PBXFileReference section */

/* Begin PBXFrameworksBuildPhase section */
		654526951FEB5D170028CBD3 /* Frameworks */ = {
			isa = PBXFrameworksBuildPhase;
			buildActionMask = 2147483647;
			files = (
				654526D61FEB5D8F0028CBD3 /* AVFoundation.framework in Frameworks */,
				654526D41FEB5D880028CBD3 /* QuartzCore.framework in Frameworks */,
				654526D21FEB5D7F0028CBD3 /* CoreVideo.framework in Frameworks */,
				654526D01FEB5D760028CBD3 /* CoreMedia.framework in Frameworks */,
			);
			runOnlyForDeploymentPostprocessing = 0;
		};
		654526AE1FEB5D170028CBD3 /* Frameworks */ = {
			isa = PBXFrameworksBuildPhase;
			buildActionMask = 2147483647;
			files = (
			);
			runOnlyForDeploymentPostprocessing = 0;
		};
		654526B91FEB5D170028CBD3 /* Frameworks */ = {
			isa = PBXFrameworksBuildPhase;
			buildActionMask = 2147483647;
			files = (
			);
			runOnlyForDeploymentPostprocessing = 0;
		};
/* End PBXFrameworksBuildPhase section */

/* Begin PBXGroup section */
		6545268F1FEB5D170028CBD3 = {
			isa = PBXGroup;
			children = (
				6545269A1FEB5D170028CBD3 /* AVCapture_demo */,
				654526B41FEB5D170028CBD3 /* AVCapture_demoTests */,
				654526BF1FEB5D170028CBD3 /* AVCapture_demoUITests */,
				654526991FEB5D170028CBD3 /* Products */,
				654526CE1FEB5D760028CBD3 /* Frameworks */,
			);
			sourceTree = "<group>";
		};
		654526991FEB5D170028CBD3 /* Products */ = {
			isa = PBXGroup;
			children = (
				654526981FEB5D170028CBD3 /* AVCapture_demo.app */,
				654526B11FEB5D170028CBD3 /* AVCapture_demoTests.xctest */,
				654526BC1FEB5D170028CBD3 /* AVCapture_demoUITests.xctest */,
			);
			name = Products;
			sourceTree = "<group>";
		};
		6545269A1FEB5D170028CBD3 /* AVCapture_demo */ = {
			isa = PBXGroup;
			children = (
				6545269E1FEB5D170028CBD3 /* AppDelegate.h */,
				6545269F1FEB5D170028CBD3 /* AppDelegate.m */,
				654526A11FEB5D170028CBD3 /* ViewController.h */,
				654526A21FEB5D170028CBD3 /* ViewController.m */,
				654526A41FEB5D170028CBD3 /* Main.storyboard */,
				654526A71FEB5D170028CBD3 /* Assets.xcassets */,
				654526A91FEB5D170028CBD3 /* LaunchScreen.storyboard */,
				654526AC1FEB5D170028CBD3 /* Info.plist */,
				6545269B1FEB5D170028CBD3 /* Supporting Files */,
			);
			path = AVCapture_demo;
			sourceTree = "<group>";
		};
		6545269B1FEB5D170028CBD3 /* Supporting Files */ = {
			isa = PBXGroup;
			children = (
				6545269C1FEB5D170028CBD3 /* main.m */,
			);
			name = "Supporting Files";
			sourceTree = "<group>";
		};
		654526B41FEB5D170028CBD3 /* AVCapture_demoTests */ = {
			isa = PBXGroup;
			children = (
				654526B51FEB5D170028CBD3 /* AVCapture_demoTests.m */,
				654526B71FEB5D170028CBD3 /* Info.plist */,
			);
			path = AVCapture_demoTests;
			sourceTree = "<group>";
		};
		654526BF1FEB5D170028CBD3 /* AVCapture_demoUITests */ = {
			isa = PBXGroup;
			children = (
				654526C01FEB5D170028CBD3 /* AVCapture_demoUITests.m */,
				654526C21FEB5D170028CBD3 /* Info.plist */,
			);
			path = AVCapture_demoUITests;
			sourceTree = "<group>";
		};
		654526CE1FEB5D760028CBD3 /* Frameworks */ = {
			isa = PBXGroup;
			children = (
				654526D51FEB5D8F0028CBD3 /* AVFoundation.framework */,
				654526D31FEB5D880028CBD3 /* QuartzCore.framework */,
				654526D11FEB5D7F0028CBD3 /* CoreVideo.framework */,
				654526CF1FEB5D760028CBD3 /* CoreMedia.framework */,
			);
			name = Frameworks;
			sourceTree = "<group>";
		};
/* End PBXGroup section */

/* Begin PBXNativeTarget section */
		654526971FEB5D170028CBD3 /* AVCapture_demo */ = {
			isa = PBXNativeTarget;
			buildConfigurationList = 654526C51FEB5D170028CBD3 /* Build configuration list for PBXNativeTarget "AVCapture_demo" */;
			buildPhases = (
				654526941FEB5D170028CBD3 /* Sources */,
				654526951FEB5D170028CBD3 /* Frameworks */,
				654526961FEB5D170028CBD3 /* Resources */,
			);
			buildRules = (
			);
			dependencies = (
			);
			name = AVCapture_demo;
			productName = AVCapture_demo;
			productReference = 654526981FEB5D170028CBD3 /* AVCapture_demo.app */;
			productType = "com.apple.product-type.application";
		};
		654526B01FEB5D170028CBD3 /* AVCapture_demoTests */ = {
			isa = PBXNativeTarget;
			buildConfigurationList = 654526C81FEB5D170028CBD3 /* Build configuration list for PBXNativeTarget "AVCapture_demoTests" */;
			buildPhases = (
				654526AD1FEB5D170028CBD3 /* Sources */,
				654526AE1FEB5D170028CBD3 /* Frameworks */,
				654526AF1FEB5D170028CBD3 /* Resources */,
			);
			buildRules = (
			);
			dependencies = (
				654526B31FEB5D170028CBD3 /* PBXTargetDependency */,
			);
			name = AVCapture_demoTests;
			productName = AVCapture_demoTests;
			productReference = 654526B11FEB5D170028CBD3 /* AVCapture_demoTests.xctest */;
			productType = "com.apple.product-type.bundle.unit-test";
		};
		654526BB1FEB5D170028CBD3 /* AVCapture_demoUITests */ = {
			isa = PBXNativeTarget;
			buildConfigurationList = 654526CB1FEB5D170028CBD3 /* Build configuration list for PBXNativeTarget "AVCapture_demoUITests" */;
			buildPhases = (
				654526B81FEB5D170028CBD3 /* Sources */,
				654526B91FEB5D170028CBD3 /* Frameworks */,
				654526BA1FEB5D170028CBD3 /* Resources */,
			);
			buildRules = (
			);
			dependencies = (
				654526BE1FEB5D170028CBD3 /* PBXTargetDependency */,
			);
			name = AVCapture_demoUITests;
			productName = AVCapture_demoUITests;
			productReference = 654526BC1FEB5D170028CBD3 /* AVCapture_demoUITests.xctest */;
			productType = "com.apple.product-type.bundle.ui-testing";
		};
/* End PBXNativeTarget section */

/* Begin PBXProject section */
		654526901FEB5D170028CBD3 /* Project object */ = {
			isa = PBXProject;
			attributes = {
				LastUpgradeCheck = 0830;
				ORGANIZATIONNAME = Derek;
				TargetAttributes = {
					654526971FEB5D170028CBD3 = {
						CreatedOnToolsVersion = 8.3.3;
						DevelopmentTeam = D62H9KTRJS;
						ProvisioningStyle = Automatic;
					};
					654526B01FEB5D170028CBD3 = {
						CreatedOnToolsVersion = 8.3.3;
						DevelopmentTeam = AZWK98U2MN;
						ProvisioningStyle = Automatic;
						TestTargetID = 654526971FEB5D170028CBD3;
					};
					654526BB1FEB5D170028CBD3 = {
						CreatedOnToolsVersion = 8.3.3;
						DevelopmentTeam = AZWK98U2MN;
						ProvisioningStyle = Automatic;
						TestTargetID = 654526971FEB5D170028CBD3;
					};
				};
			};
			buildConfigurationList = 654526931FEB5D170028CBD3 /* Build configuration list for PBXProject "AVCapture_demo" */;
			compatibilityVersion = "Xcode 3.2";
			developmentRegion = English;
			hasScannedForEncodings = 0;
			knownRegions = (
				en,
				Base,
			);
			mainGroup = 6545268F1FEB5D170028CBD3;
			productRefGroup = 654526991FEB5D170028CBD3 /* Products */;
			projectDirPath = "";
			projectRoot = "";
			targets = (
				654526971FEB5D170028CBD3 /* AVCapture_demo */,
				654526B01FEB5D170028CBD3 /* AVCapture_demoTests */,
				654526BB1FEB5D170028CBD3 /* AVCapture_demoUITests */,
			);
		};
/* End PBXProject section */

/* Begin PBXResourcesBuildPhase section */
		654526961FEB5D170028CBD3 /* Resources */ = {
			isa = PBXResourcesBuildPhase;
			buildActionMask = 2147483647;
			files = (
				654526AB1FEB5D170028CBD3 /* LaunchScreen.storyboard in Resources */,
				654526A81FEB5D170028CBD3 /* Assets.xcassets in Resources */,
				654526A61FEB5D170028CBD3 /* Main.storyboard in Resources */,
			);
			runOnlyForDeploymentPostprocessing = 0;
		};
		654526AF1FEB5D170028CBD3 /* Resources */ = {
			isa = PBXResourcesBuildPhase;
			buildActionMask = 2147483647;
			files = (
			);
			runOnlyForDeploymentPostprocessing = 0;
		};
		654526BA1FEB5D170028CBD3 /* Resources */ = {
			isa = PBXResourcesBuildPhase;
			buildActionMask = 2147483647;
			files = (
			);
			runOnlyForDeploymentPostprocessing = 0;
		};
/* End PBXResourcesBuildPhase section */

/* Begin PBXSourcesBuildPhase section */
		654526941FEB5D170028CBD3 /* Sources */ = {
			isa = PBXSourcesBuildPhase;
			buildActionMask = 2147483647;
			files = (
				654526A31FEB5D170028CBD3 /* ViewController.m in Sources */,
				654526A01FEB5D170028CBD3 /* AppDelegate.m in Sources */,
				6545269D1FEB5D170028CBD3 /* main.m in Sources */,
			);
			runOnlyForDeploymentPostprocessing = 0;
		};
		654526AD1FEB5D170028CBD3 /* Sources */ = {
			isa = PBXSourcesBuildPhase;
			buildActionMask = 2147483647;
			files = (
				654526B61FEB5D170028CBD3 /* AVCapture_demoTests.m in Sources */,
			);
			runOnlyForDeploymentPostprocessing = 0;
		};
		654526B81FEB5D170028CBD3 /* Sources */ = {
			isa = PBXSourcesBuildPhase;
			buildActionMask = 2147483647;
			files = (
				654526C11FEB5D170028CBD3 /* AVCapture_demoUITests.m in Sources */,
			);
			runOnlyForDeploymentPostprocessing = 0;
		};
/* End PBXSourcesBuildPhase section */

/* Begin PBXTargetDependency section */
		654526B31FEB5D170028CBD3 /* PBXTargetDependency */ = {
			isa = PBXTargetDependency;
			target = 654526971FEB5D170028CBD3 /* AVCapture_demo */;
			targetProxy = 654526B21FEB5D170028CBD3 /* PBXContainerItemProxy */;
		};
		654526BE1FEB5D170028CBD3 /* PBXTargetDependency */ = {
			isa = PBXTargetDependency;
			target = 654526971FEB5D170028CBD3 /* AVCapture_demo */;
			targetProxy = 654526BD1FEB5D170028CBD3 /* PBXContainerItemProxy */;
		};
/* End PBXTargetDependency section */

/* Begin PBXVariantGroup section */
		654526A41FEB5D170028CBD3 /* Main.storyboard */ = {
			isa = PBXVariantGroup;
			children = (
				654526A51FEB5D170028CBD3 /* Base */,
			);
			name = Main.storyboard;
			sourceTree = "<group>";
		};
		654526A91FEB5D170028CBD3 /* LaunchScreen.storyboard */ = {
			isa = PBXVariantGroup;
			children = (
				654526AA1FEB5D170028CBD3 /* Base */,
			);
			name = LaunchScreen.storyboard;
			sourceTree = "<group>";
		};
/* End PBXVariantGroup section */

/* Begin XCBuildConfiguration section */
		654526C31FEB5D170028CBD3 /* Debug */ = {
			isa = XCBuildConfiguration;
			buildSettings = {
				ALWAYS_SEARCH_USER_PATHS = NO;
				CLANG_ANALYZER_NONNULL = YES;
				CLANG_ANALYZER_NUMBER_OBJECT_CONVERSION = YES_AGGRESSIVE;
				CLANG_CXX_LANGUAGE_STANDARD = "gnu++0x";
				CLANG_CXX_LIBRARY = "libc++";
				CLANG_ENABLE_MODULES = YES;
				CLANG_ENABLE_OBJC_ARC = YES;
				CLANG_WARN_BOOL_CONVERSION = YES;
				CLANG_WARN_CONSTANT_CONVERSION = YES;
				CLANG_WARN_DIRECT_OBJC_ISA_USAGE = YES_ERROR;
				CLANG_WARN_DOCUMENTATION_COMMENTS = YES;
				CLANG_WARN_EMPTY_BODY = YES;
				CLANG_WARN_ENUM_CONVERSION = YES;
				CLANG_WARN_INFINITE_RECURSION = YES;
				CLANG_WARN_INT_CONVERSION = YES;
				CLANG_WARN_OBJC_ROOT_CLASS = YES_ERROR;
				CLANG_WARN_SUSPICIOUS_MOVE = YES;
				CLANG_WARN_UNREACHABLE_CODE = YES;
				CLANG_WARN__DUPLICATE_METHOD_MATCH = YES;
				"CODE_SIGN_IDENTITY[sdk=iphoneos*]" = "iPhone Developer";
				COPY_PHASE_STRIP = NO;
				DEBUG_INFORMATION_FORMAT = dwarf;
				ENABLE_STRICT_OBJC_MSGSEND = YES;
				ENABLE_TESTABILITY = YES;
				GCC_C_LANGUAGE_STANDARD = gnu99;
				GCC_DYNAMIC_NO_PIC = NO;
				GCC_NO_COMMON_BLOCKS = YES;
				GCC_OPTIMIZATION_LEVEL = 0;
				GCC_PREPROCESSOR_DEFINITIONS = (
					"DEBUG=1",
					"$(inherited)",
				);
				GCC_WARN_64_TO_32_BIT_CONVERSION = YES;
				GCC_WARN_ABOUT_RETURN_TYPE = YES_ERROR;
				GCC_WARN_UNDECLARED_SELECTOR = YES;
				GCC_WARN_UNINITIALIZED_AUTOS = YES_AGGRESSIVE;
				GCC_WARN_UNUSED_FUNCTION = YES;
				GCC_WARN_UNUSED_VARIABLE = YES;
				IPHONEOS_DEPLOYMENT_TARGET = 10.3;
				MTL_ENABLE_DEBUG_INFO = YES;
				ONLY_ACTIVE_ARCH = YES;
				SDKROOT = iphoneos;
			};
			name = Debug;
		};
		654526C41FEB5D170028CBD3 /* Release */ = {
			isa = XCBuildConfiguration;
			buildSettings = {
				ALWAYS_SEARCH_USER_PATHS = NO;
				CLANG_ANALYZER_NONNULL = YES;
				CLANG_ANALYZER_NUMBER_OBJECT_CONVERSION = YES_AGGRESSIVE;
				CLANG_CXX_LANGUAGE_STANDARD = "gnu++0x";
				CLANG_CXX_LIBRARY = "libc++";
				CLANG_ENABLE_MODULES = YES;
				CLANG_ENABLE_OBJC_ARC = YES;
				CLANG_WARN_BOOL_CONVERSION = YES;
				CLANG_WARN_CONSTANT_CONVERSION = YES;
				CLANG_WARN_DIRECT_OBJC_ISA_USAGE = YES_ERROR;
				CLANG_WARN_DOCUMENTATION_COMMENTS = YES;
				CLANG_WARN_EMPTY_BODY = YES;
				CLANG_WARN_ENUM_CONVERSION = YES;
				CLANG_WARN_INFINITE_RECURSION = YES;
				CLANG_WARN_INT_CONVERSION = YES;
				CLANG_WARN_OBJC_ROOT_CLASS = YES_ERROR;
				CLANG_WARN_SUSPICIOUS_MOVE = YES;
				CLANG_WARN_UNREACHABLE_CODE = YES;
				CLANG_WARN__DUPLICATE_METHOD_MATCH = YES;
				"CODE_SIGN_IDENTITY[sdk=iphoneos*]" = "iPhone Developer";
				COPY_PHASE_STRIP = NO;
				DEBUG_INFORMATION_FORMAT = "dwarf-with-dsym";
				ENABLE_NS_ASSERTIONS = NO;
				ENABLE_STRICT_OBJC_MSGSEND = YES;
				GCC_C_LANGUAGE_STANDARD = gnu99;
				GCC_NO_COMMON_BLOCKS = YES;
				GCC_WARN_64_TO_32_BIT_CONVERSION = YES;
				GCC_WARN_ABOUT_RETURN_TYPE = YES_ERROR;
				GCC_WARN_UNDECLARED_SELECTOR = YES;
				GCC_WARN_UNINITIALIZED_AUTOS = YES_AGGRESSIVE;
				GCC_WARN_UNUSED_FUNCTION = YES;
				GCC_WARN_UNUSED_VARIABLE = YES;
				IPHONEOS_DEPLOYMENT_TARGET = 10.3;
				MTL_ENABLE_DEBUG_INFO = NO;
				SDKROOT = iphoneos;
				VALIDATE_PRODUCT = YES;
			};
			name = Release;
		};
		654526C61FEB5D170028CBD3 /* Debug */ = {
			isa = XCBuildConfiguration;
			buildSettings = {
				ASSETCATALOG_COMPILER_APPICON_NAME = AppIcon;
				DEVELOPMENT_TEAM = D62H9KTRJS;
				INFOPLIST_FILE = AVCapture_demo/Info.plist;
				LD_RUNPATH_SEARCH_PATHS = "$(inherited) @executable_path/Frameworks";
				PRODUCT_BUNDLE_IDENTIFIER = "feibaichen.AVCapture-demo";
				PRODUCT_NAME = "$(TARGET_NAME)";
			};
			name = Debug;
		};
		654526C71FEB5D170028CBD3 /* Release */ = {
			isa = XCBuildConfiguration;
			buildSettings = {
				ASSETCATALOG_COMPILER_APPICON_NAME = AppIcon;
				DEVELOPMENT_TEAM = D62H9KTRJS;
				INFOPLIST_FILE = AVCapture_demo/Info.plist;
				LD_RUNPATH_SEARCH_PATHS = "$(inherited) @executable_path/Frameworks";
				PRODUCT_BUNDLE_IDENTIFIER = "feibaichen.AVCapture-demo";
				PRODUCT_NAME = "$(TARGET_NAME)";
			};
			name = Release;
		};
		654526C91FEB5D170028CBD3 /* Debug */ = {
			isa = XCBuildConfiguration;
			buildSettings = {
				BUNDLE_LOADER = "$(TEST_HOST)";
				DEVELOPMENT_TEAM = AZWK98U2MN;
				INFOPLIST_FILE = AVCapture_demoTests/Info.plist;
				LD_RUNPATH_SEARCH_PATHS = "$(inherited) @executable_path/Frameworks @loader_path/Frameworks";
				PRODUCT_BUNDLE_IDENTIFIER = "feibaichen.AVCapture-demoTests";
				PRODUCT_NAME = "$(TARGET_NAME)";
				TEST_HOST = "$(BUILT_PRODUCTS_DIR)/AVCapture_demo.app/AVCapture_demo";
			};
			name = Debug;
		};
		654526CA1FEB5D170028CBD3 /* Release */ = {
			isa = XCBuildConfiguration;
			buildSettings = {
				BUNDLE_LOADER = "$(TEST_HOST)";
				DEVELOPMENT_TEAM = AZWK98U2MN;
				INFOPLIST_FILE = AVCapture_demoTests/Info.plist;
				LD_RUNPATH_SEARCH_PATHS = "$(inherited) @executable_path/Frameworks @loader_path/Frameworks";
				PRODUCT_BUNDLE_IDENTIFIER = "feibaichen.AVCapture-demoTests";
				PRODUCT_NAME = "$(TARGET_NAME)";
				TEST_HOST = "$(BUILT_PRODUCTS_DIR)/AVCapture_demo.app/AVCapture_demo";
			};
			name = Release;
		};
		654526CC1FEB5D170028CBD3 /* Debug */ = {
			isa = XCBuildConfiguration;
			buildSettings = {
				DEVELOPMENT_TEAM = AZWK98U2MN;
				INFOPLIST_FILE = AVCapture_demoUITests/Info.plist;
				LD_RUNPATH_SEARCH_PATHS = "$(inherited) @executable_path/Frameworks @loader_path/Frameworks";
				PRODUCT_BUNDLE_IDENTIFIER = "feibaichen.AVCapture-demoUITests";
				PRODUCT_NAME = "$(TARGET_NAME)";
				TEST_TARGET_NAME = AVCapture_demo;
			};
			name = Debug;
		};
		654526CD1FEB5D170028CBD3 /* Release */ = {
			isa = XCBuildConfiguration;
			buildSettings = {
				DEVELOPMENT_TEAM = AZWK98U2MN;
				INFOPLIST_FILE = AVCapture_demoUITests/Info.plist;
				LD_RUNPATH_SEARCH_PATHS = "$(inherited) @executable_path/Frameworks @loader_path/Frameworks";
				PRODUCT_BUNDLE_IDENTIFIER = "feibaichen.AVCapture-demoUITests";
				PRODUCT_NAME = "$(TARGET_NAME)";
				TEST_TARGET_NAME = AVCapture_demo;
			};
			name = Release;
		};
/* End XCBuildConfiguration section */

/* Begin XCConfigurationList section */
		654526931FEB5D170028CBD3 /* Build configuration list for PBXProject "AVCapture_demo" */ = {
			isa = XCConfigurationList;
			buildConfigurations = (
				654526C31FEB5D170028CBD3 /* Debug */,
				654526C41FEB5D170028CBD3 /* Release */,
			);
			defaultConfigurationIsVisible = 0;
			defaultConfigurationName = Release;
		};
		654526C51FEB5D170028CBD3 /* Build configuration list for PBXNativeTarget "AVCapture_demo" */ = {
			isa = XCConfigurationList;
			buildConfigurations = (
				654526C61FEB5D170028CBD3 /* Debug */,
				654526C71FEB5D170028CBD3 /* Release */,
			);
			defaultConfigurationIsVisible = 0;
		};
		654526C81FEB5D170028CBD3 /* Build configuration list for PBXNativeTarget "AVCapture_demoTests" */ = {
			isa = XCConfigurationList;
			buildConfigurations = (
				654526C91FEB5D170028CBD3 /* Debug */,
				654526CA1FEB5D170028CBD3 /* Release */,
			);
			defaultConfigurationIsVisible = 0;
		};
		654526CB1FEB5D170028CBD3 /* Build configuration list for PBXNativeTarget "AVCapture_demoUITests" */ = {
			isa = XCConfigurationList;
			buildConfigurations = (
				654526CC1FEB5D170028CBD3 /* Debug */,
				654526CD1FEB5D170028CBD3 /* Release */,
			);
			defaultConfigurationIsVisible = 0;
		};
/* End XCConfigurationList section */
	};
	rootObject = 654526901FEB5D170028CBD3 /* Project object */;
}
